// !$*UTF8*$!
{
	archiveVersion = 1;
	classes = {
	};
	objectVersion = 46;
	objects = {

/* Begin PBXAggregateTarget section */
		326E23B21BBCADBA00A9A6D1 /* Mogenerator */ = {
			isa = PBXAggregateTarget;
			buildConfigurationList = 326E23B31BBCADBA00A9A6D1 /* Build configuration list for PBXAggregateTarget "Mogenerator" */;
			buildPhases = (
				326E23B61BBCADD000A9A6D1 /* ShellScript */,
			);
			dependencies = (
			);
			name = Mogenerator;
			productName = Mogenerator;
		};
/* End PBXAggregateTarget section */

/* Begin PBXBuildFile section */
		321328F91BBCC4DA00FC9C68 /* Model in Resources */ = {isa = PBXBuildFile; fileRef = 321328F81BBCC4DA00FC9C68 /* Model */; };
		326E238E1BBC96BB00A9A6D1 /* AppDelegate.swift in Sources */ = {isa = PBXBuildFile; fileRef = 326E238D1BBC96BB00A9A6D1 /* AppDelegate.swift */; };
		326E23911BBC96BB00A9A6D1 /* ActiveQuestionTracker.xcdatamodeld in Sources */ = {isa = PBXBuildFile; fileRef = 326E238F1BBC96BB00A9A6D1 /* ActiveQuestionTracker.xcdatamodeld */; };
		326E23931BBC96BB00A9A6D1 /* SummaryPageViewModel.swift in Sources */ = {isa = PBXBuildFile; fileRef = 326E23921BBC96BB00A9A6D1 /* SummaryPageViewModel.swift */; };
		326E23961BBC96BB00A9A6D1 /* Main.storyboard in Resources */ = {isa = PBXBuildFile; fileRef = 326E23941BBC96BB00A9A6D1 /* Main.storyboard */; };
		326E23981BBC96BB00A9A6D1 /* Images.xcassets in Resources */ = {isa = PBXBuildFile; fileRef = 326E23971BBC96BB00A9A6D1 /* Images.xcassets */; };
		326E239B1BBC96BB00A9A6D1 /* LaunchScreen.xib in Resources */ = {isa = PBXBuildFile; fileRef = 326E23991BBC96BB00A9A6D1 /* LaunchScreen.xib */; };
		326E23A71BBC96BB00A9A6D1 /* ActiveQuestionTrackerTests.swift in Sources */ = {isa = PBXBuildFile; fileRef = 326E23A61BBC96BB00A9A6D1 /* ActiveQuestionTrackerTests.swift */; };
		326E23B11BBC992B00A9A6D1 /* SummaryPageViewController.swift in Sources */ = {isa = PBXBuildFile; fileRef = 326E23B01BBC992B00A9A6D1 /* SummaryPageViewController.swift */; };
/* End PBXBuildFile section */

/* Begin PBXContainerItemProxy section */
		326E23A11BBC96BB00A9A6D1 /* PBXContainerItemProxy */ = {
			isa = PBXContainerItemProxy;
			containerPortal = 326E23801BBC96BB00A9A6D1 /* Project object */;
			proxyType = 1;
			remoteGlobalIDString = 326E23871BBC96BB00A9A6D1;
			remoteInfo = ActiveQuestionTracker;
		};
/* End PBXContainerItemProxy section */

/* Begin PBXFileReference section */
		321328F81BBCC4DA00FC9C68 /* Model */ = {isa = PBXFileReference; lastKnownFileType = folder; path = Model; sourceTree = "<group>"; };
		326E23881BBC96BB00A9A6D1 /* ActiveQuestionTracker.app */ = {isa = PBXFileReference; explicitFileType = wrapper.application; includeInIndex = 0; path = ActiveQuestionTracker.app; sourceTree = BUILT_PRODUCTS_DIR; };
		326E238C1BBC96BB00A9A6D1 /* Info.plist */ = {isa = PBXFileReference; lastKnownFileType = text.plist.xml; path = Info.plist; sourceTree = "<group>"; };
		326E238D1BBC96BB00A9A6D1 /* AppDelegate.swift */ = {isa = PBXFileReference; lastKnownFileType = sourcecode.swift; path = AppDelegate.swift; sourceTree = "<group>"; };
		326E23901BBC96BB00A9A6D1 /* ActiveQuestionTracker.xcdatamodel */ = {isa = PBXFileReference; lastKnownFileType = wrapper.xcdatamodel; path = ActiveQuestionTracker.xcdatamodel; sourceTree = "<group>"; };
		326E23921BBC96BB00A9A6D1 /* SummaryPageViewModel.swift */ = {isa = PBXFileReference; lastKnownFileType = sourcecode.swift; path = SummaryPageViewModel.swift; sourceTree = "<group>"; };
		326E23951BBC96BB00A9A6D1 /* Base */ = {isa = PBXFileReference; lastKnownFileType = file.storyboard; name = Base; path = Base.lproj/Main.storyboard; sourceTree = "<group>"; };
		326E23971BBC96BB00A9A6D1 /* Images.xcassets */ = {isa = PBXFileReference; lastKnownFileType = folder.assetcatalog; path = Images.xcassets; sourceTree = "<group>"; };
		326E239A1BBC96BB00A9A6D1 /* Base */ = {isa = PBXFileReference; lastKnownFileType = file.xib; name = Base; path = Base.lproj/LaunchScreen.xib; sourceTree = "<group>"; };
		326E23A01BBC96BB00A9A6D1 /* ActiveQuestionTrackerTests.xctest */ = {isa = PBXFileReference; explicitFileType = wrapper.cfbundle; includeInIndex = 0; path = ActiveQuestionTrackerTests.xctest; sourceTree = BUILT_PRODUCTS_DIR; };
		326E23A51BBC96BB00A9A6D1 /* Info.plist */ = {isa = PBXFileReference; lastKnownFileType = text.plist.xml; path = Info.plist; sourceTree = "<group>"; };
		326E23A61BBC96BB00A9A6D1 /* ActiveQuestionTrackerTests.swift */ = {isa = PBXFileReference; lastKnownFileType = sourcecode.swift; path = ActiveQuestionTrackerTests.swift; sourceTree = "<group>"; };
		326E23B01BBC992B00A9A6D1 /* SummaryPageViewController.swift */ = {isa = PBXFileReference; fileEncoding = 4; lastKnownFileType = sourcecode.swift; path = SummaryPageViewController.swift; sourceTree = "<group>"; };
/* End PBXFileReference section */

/* Begin PBXFrameworksBuildPhase section */
		326E23851BBC96BB00A9A6D1 /* Frameworks */ = {
			isa = PBXFrameworksBuildPhase;
			buildActionMask = 2147483647;
			files = (
			);
			runOnlyForDeploymentPostprocessing = 0;
		};
		326E239D1BBC96BB00A9A6D1 /* Frameworks */ = {
			isa = PBXFrameworksBuildPhase;
			buildActionMask = 2147483647;
			files = (
			);
			runOnlyForDeploymentPostprocessing = 0;
		};
/* End PBXFrameworksBuildPhase section */

/* Begin PBXGroup section */
		326E237F1BBC96BB00A9A6D1 = {
			isa = PBXGroup;
			children = (
				326E238A1BBC96BB00A9A6D1 /* ActiveQuestionTracker */,
				326E23A31BBC96BB00A9A6D1 /* ActiveQuestionTrackerTests */,
				326E23891BBC96BB00A9A6D1 /* Products */,
			);
			sourceTree = "<group>";
		};
		326E23891BBC96BB00A9A6D1 /* Products */ = {
			isa = PBXGroup;
			children = (
				326E23881BBC96BB00A9A6D1 /* ActiveQuestionTracker.app */,
				326E23A01BBC96BB00A9A6D1 /* ActiveQuestionTrackerTests.xctest */,
			);
			name = Products;
			sourceTree = "<group>";
		};
		326E238A1BBC96BB00A9A6D1 /* ActiveQuestionTracker */ = {
			isa = PBXGroup;
			children = (
				326E238D1BBC96BB00A9A6D1 /* AppDelegate.swift */,
				326E23921BBC96BB00A9A6D1 /* SummaryPageViewModel.swift */,
				326E23B01BBC992B00A9A6D1 /* SummaryPageViewController.swift */,
				326E23941BBC96BB00A9A6D1 /* Main.storyboard */,
				326E23971BBC96BB00A9A6D1 /* Images.xcassets */,
				326E23991BBC96BB00A9A6D1 /* LaunchScreen.xib */,
				326E238F1BBC96BB00A9A6D1 /* ActiveQuestionTracker.xcdatamodeld */,
				321328F81BBCC4DA00FC9C68 /* Model */,
				326E238B1BBC96BB00A9A6D1 /* Supporting Files */,
			);
			path = ActiveQuestionTracker;
			sourceTree = "<group>";
		};
		326E238B1BBC96BB00A9A6D1 /* Supporting Files */ = {
			isa = PBXGroup;
			children = (
				326E238C1BBC96BB00A9A6D1 /* Info.plist */,
			);
			name = "Supporting Files";
			sourceTree = "<group>";
		};
		326E23A31BBC96BB00A9A6D1 /* ActiveQuestionTrackerTests */ = {
			isa = PBXGroup;
			children = (
				326E23A61BBC96BB00A9A6D1 /* ActiveQuestionTrackerTests.swift */,
				326E23A41BBC96BB00A9A6D1 /* Supporting Files */,
			);
			path = ActiveQuestionTrackerTests;
			sourceTree = "<group>";
		};
		326E23A41BBC96BB00A9A6D1 /* Supporting Files */ = {
			isa = PBXGroup;
			children = (
				326E23A51BBC96BB00A9A6D1 /* Info.plist */,
			);
			name = "Supporting Files";
			sourceTree = "<group>";
		};
/* End PBXGroup section */

/* Begin PBXNativeTarget section */
		326E23871BBC96BB00A9A6D1 /* ActiveQuestionTracker */ = {
			isa = PBXNativeTarget;
			buildConfigurationList = 326E23AA1BBC96BB00A9A6D1 /* Build configuration list for PBXNativeTarget "ActiveQuestionTracker" */;
			buildPhases = (
				326E23841BBC96BB00A9A6D1 /* Sources */,
				326E23851BBC96BB00A9A6D1 /* Frameworks */,
				326E23861BBC96BB00A9A6D1 /* Resources */,
			);
			buildRules = (
			);
			dependencies = (
			);
			name = ActiveQuestionTracker;
			productName = ActiveQuestionTracker;
			productReference = 326E23881BBC96BB00A9A6D1 /* ActiveQuestionTracker.app */;
			productType = "com.apple.product-type.application";
		};
		326E239F1BBC96BB00A9A6D1 /* ActiveQuestionTrackerTests */ = {
			isa = PBXNativeTarget;
			buildConfigurationList = 326E23AD1BBC96BB00A9A6D1 /* Build configuration list for PBXNativeTarget "ActiveQuestionTrackerTests" */;
			buildPhases = (
				326E239C1BBC96BB00A9A6D1 /* Sources */,
				326E239D1BBC96BB00A9A6D1 /* Frameworks */,
				326E239E1BBC96BB00A9A6D1 /* Resources */,
			);
			buildRules = (
			);
			dependencies = (
				326E23A21BBC96BB00A9A6D1 /* PBXTargetDependency */,
			);
			name = ActiveQuestionTrackerTests;
			productName = ActiveQuestionTrackerTests;
			productReference = 326E23A01BBC96BB00A9A6D1 /* ActiveQuestionTrackerTests.xctest */;
			productType = "com.apple.product-type.bundle.unit-test";
		};
/* End PBXNativeTarget section */

/* Begin PBXProject section */
		326E23801BBC96BB00A9A6D1 /* Project object */ = {
			isa = PBXProject;
			attributes = {
				LastUpgradeCheck = 0640;
				ORGANIZATIONNAME = "Nicholas Sheehan";
				TargetAttributes = {
					326E23871BBC96BB00A9A6D1 = {
						CreatedOnToolsVersion = 6.4;
					};
					326E239F1BBC96BB00A9A6D1 = {
						CreatedOnToolsVersion = 6.4;
						TestTargetID = 326E23871BBC96BB00A9A6D1;
					};
					326E23B21BBCADBA00A9A6D1 = {
						CreatedOnToolsVersion = 6.4;
					};
				};
			};
			buildConfigurationList = 326E23831BBC96BB00A9A6D1 /* Build configuration list for PBXProject "ActiveQuestionTracker" */;
			compatibilityVersion = "Xcode 3.2";
			developmentRegion = English;
			hasScannedForEncodings = 0;
			knownRegions = (
				en,
				Base,
			);
			mainGroup = 326E237F1BBC96BB00A9A6D1;
			productRefGroup = 326E23891BBC96BB00A9A6D1 /* Products */;
			projectDirPath = "";
			projectRoot = "";
			targets = (
				326E23871BBC96BB00A9A6D1 /* ActiveQuestionTracker */,
				326E239F1BBC96BB00A9A6D1 /* ActiveQuestionTrackerTests */,
				326E23B21BBCADBA00A9A6D1 /* Mogenerator */,
			);
		};
/* End PBXProject section */

/* Begin PBXResourcesBuildPhase section */
		326E23861BBC96BB00A9A6D1 /* Resources */ = {
			isa = PBXResourcesBuildPhase;
			buildActionMask = 2147483647;
			files = (
				326E23961BBC96BB00A9A6D1 /* Main.storyboard in Resources */,
				326E239B1BBC96BB00A9A6D1 /* LaunchScreen.xib in Resources */,
				321328F91BBCC4DA00FC9C68 /* Model in Resources */,
				326E23981BBC96BB00A9A6D1 /* Images.xcassets in Resources */,
			);
			runOnlyForDeploymentPostprocessing = 0;
		};
		326E239E1BBC96BB00A9A6D1 /* Resources */ = {
			isa = PBXResourcesBuildPhase;
			buildActionMask = 2147483647;
			files = (
			);
			runOnlyForDeploymentPostprocessing = 0;
		};
/* End PBXResourcesBuildPhase section */

/* Begin PBXShellScriptBuildPhase section */
		326E23B61BBCADD000A9A6D1 /* ShellScript */ = {
			isa = PBXShellScriptBuildPhase;
			buildActionMask = 2147483647;
			files = (
			);
			inputPaths = (
			);
			outputPaths = (
			);
			runOnlyForDeploymentPostprocessing = 0;
			shellPath = /bin/sh;
			shellScript = "/usr/local/bin/mogenerator -m ActiveQuestionTracker/ActiveQuestionTracker.xcdatamodeld -O ActiveQuestionTracker/Model --swift --template-var arc=true";
		};
/* End PBXShellScriptBuildPhase section */

/* Begin PBXSourcesBuildPhase section */
		326E23841BBC96BB00A9A6D1 /* Sources */ = {
			isa = PBXSourcesBuildPhase;
			buildActionMask = 2147483647;
			files = (
				326E23B11BBC992B00A9A6D1 /* SummaryPageViewController.swift in Sources */,
				326E23931BBC96BB00A9A6D1 /* SummaryPageViewModel.swift in Sources */,
				326E23911BBC96BB00A9A6D1 /* ActiveQuestionTracker.xcdatamodeld in Sources */,
				326E238E1BBC96BB00A9A6D1 /* AppDelegate.swift in Sources */,
			);
			runOnlyForDeploymentPostprocessing = 0;
		};
		326E239C1BBC96BB00A9A6D1 /* Sources */ = {
			isa = PBXSourcesBuildPhase;
			buildActionMask = 2147483647;
			files = (
				326E23A71BBC96BB00A9A6D1 /* ActiveQuestionTrackerTests.swift in Sources */,
			);
			runOnlyForDeploymentPostprocessing = 0;
		};
/* End PBXSourcesBuildPhase section */

/* Begin PBXTargetDependency section */
		326E23A21BBC96BB00A9A6D1 /* PBXTargetDependency */ = {
			isa = PBXTargetDependency;
			target = 326E23871BBC96BB00A9A6D1 /* ActiveQuestionTracker */;
			targetProxy = 326E23A11BBC96BB00A9A6D1 /* PBXContainerItemProxy */;
		};
/* End PBXTargetDependency section */

/* Begin PBXVariantGroup section */
		326E23941BBC96BB00A9A6D1 /* Main.storyboard */ = {
			isa = PBXVariantGroup;
			children = (
				326E23951BBC96BB00A9A6D1 /* Base */,
			);
			name = Main.storyboard;
			sourceTree = "<group>";
		};
		326E23991BBC96BB00A9A6D1 /* LaunchScreen.xib */ = {
			isa = PBXVariantGroup;
			children = (
				326E239A1BBC96BB00A9A6D1 /* Base */,
			);
			name = LaunchScreen.xib;
			sourceTree = "<group>";
		};
/* End PBXVariantGroup section */

/* Begin XCBuildConfiguration section */
		326E23A81BBC96BB00A9A6D1 /* Debug */ = {
			isa = XCBuildConfiguration;
			buildSettings = {
				ALWAYS_SEARCH_USER_PATHS = NO;
				CLANG_CXX_LANGUAGE_STANDARD = "gnu++0x";
				CLANG_CXX_LIBRARY = "libc++";
				CLANG_ENABLE_MODULES = YES;
				CLANG_ENABLE_OBJC_ARC = YES;
				CLANG_WARN_BOOL_CONVERSION = YES;
				CLANG_WARN_CONSTANT_CONVERSION = YES;
				CLANG_WARN_DIRECT_OBJC_ISA_USAGE = YES_ERROR;
				CLANG_WARN_EMPTY_BODY = YES;
				CLANG_WARN_ENUM_CONVERSION = YES;
				CLANG_WARN_INT_CONVERSION = YES;
				CLANG_WARN_OBJC_ROOT_CLASS = YES_ERROR;
				CLANG_WARN_UNREACHABLE_CODE = YES;
				CLANG_WARN__DUPLICATE_METHOD_MATCH = YES;
				"CODE_SIGN_IDENTITY[sdk=iphoneos*]" = "iPhone Developer";
				COPY_PHASE_STRIP = NO;
				DEBUG_INFORMATION_FORMAT = "dwarf-with-dsym";
				ENABLE_STRICT_OBJC_MSGSEND = YES;
				GCC_C_LANGUAGE_STANDARD = gnu99;
				GCC_DYNAMIC_NO_PIC = NO;
				GCC_NO_COMMON_BLOCKS = YES;
				GCC_OPTIMIZATION_LEVEL = 0;
				GCC_PREPROCESSOR_DEFINITIONS = (
					"DEBUG=1",
					"$(inherited)",
				);
				GCC_SYMBOLS_PRIVATE_EXTERN = NO;
				GCC_WARN_64_TO_32_BIT_CONVERSION = YES;
				GCC_WARN_ABOUT_RETURN_TYPE = YES_ERROR;
				GCC_WARN_UNDECLARED_SELECTOR = YES;
				GCC_WARN_UNINITIALIZED_AUTOS = YES_AGGRESSIVE;
				GCC_WARN_UNUSED_FUNCTION = YES;
				GCC_WARN_UNUSED_VARIABLE = YES;
				IPHONEOS_DEPLOYMENT_TARGET = 8.4;
				MTL_ENABLE_DEBUG_INFO = YES;
				ONLY_ACTIVE_ARCH = YES;
				SDKROOT = iphoneos;
				SWIFT_OPTIMIZATION_LEVEL = "-Onone";
			};
			name = Debug;
		};
		326E23A91BBC96BB00A9A6D1 /* Release */ = {
			isa = XCBuildConfiguration;
			buildSettings = {
				ALWAYS_SEARCH_USER_PATHS = NO;
				CLANG_CXX_LANGUAGE_STANDARD = "gnu++0x";
				CLANG_CXX_LIBRARY = "libc++";
				CLANG_ENABLE_MODULES = YES;
				CLANG_ENABLE_OBJC_ARC = YES;
				CLANG_WARN_BOOL_CONVERSION = YES;
				CLANG_WARN_CONSTANT_CONVERSION = YES;
				CLANG_WARN_DIRECT_OBJC_ISA_USAGE = YES_ERROR;
				CLANG_WARN_EMPTY_BODY = YES;
				CLANG_WARN_ENUM_CONVERSION = YES;
				CLANG_WARN_INT_CONVERSION = YES;
				CLANG_WARN_OBJC_ROOT_CLASS = YES_ERROR;
				CLANG_WARN_UNREACHABLE_CODE = YES;
				CLANG_WARN__DUPLICATE_METHOD_MATCH = YES;
				"CODE_SIGN_IDENTITY[sdk=iphoneos*]" = "iPhone Developer";
				COPY_PHASE_STRIP = NO;
				DEBUG_INFORMATION_FORMAT = "dwarf-with-dsym";
				ENABLE_NS_ASSERTIONS = NO;
				ENABLE_STRICT_OBJC_MSGSEND = YES;
				GCC_C_LANGUAGE_STANDARD = gnu99;
				GCC_NO_COMMON_BLOCKS = YES;
				GCC_WARN_64_TO_32_BIT_CONVERSION = YES;
				GCC_WARN_ABOUT_RETURN_TYPE = YES_ERROR;
				GCC_WARN_UNDECLARED_SELECTOR = YES;
				GCC_WARN_UNINITIALIZED_AUTOS = YES_AGGRESSIVE;
				GCC_WARN_UNUSED_FUNCTION = YES;
				GCC_WARN_UNUSED_VARIABLE = YES;
				IPHONEOS_DEPLOYMENT_TARGET = 8.4;
				MTL_ENABLE_DEBUG_INFO = NO;
				SDKROOT = iphoneos;
				VALIDATE_PRODUCT = YES;
			};
			name = Release;
		};
		326E23AB1BBC96BB00A9A6D1 /* Debug */ = {
			isa = XCBuildConfiguration;
			buildSettings = {
				ASSETCATALOG_COMPILER_APPICON_NAME = AppIcon;
				INFOPLIST_FILE = ActiveQuestionTracker/Info.plist;
				LD_RUNPATH_SEARCH_PATHS = "$(inherited) @executable_path/Frameworks";
				PRODUCT_NAME = "$(TARGET_NAME)";
			};
			name = Debug;
		};
		326E23AC1BBC96BB00A9A6D1 /* Release */ = {
			isa = XCBuildConfiguration;
			buildSettings = {
				ASSETCATALOG_COMPILER_APPICON_NAME = AppIcon;
				INFOPLIST_FILE = ActiveQuestionTracker/Info.plist;
				LD_RUNPATH_SEARCH_PATHS = "$(inherited) @executable_path/Frameworks";
				PRODUCT_NAME = "$(TARGET_NAME)";
			};
			name = Release;
		};
		326E23AE1BBC96BB00A9A6D1 /* Debug */ = {
			isa = XCBuildConfiguration;
			buildSettings = {
				BUNDLE_LOADER = "$(TEST_HOST)";
				FRAMEWORK_SEARCH_PATHS = (
					"$(SDKROOT)/Developer/Library/Frameworks",
					"$(inherited)",
				);
				GCC_PREPROCESSOR_DEFINITIONS = (
					"DEBUG=1",
					"$(inherited)",
				);
				INFOPLIST_FILE = ActiveQuestionTrackerTests/Info.plist;
				LD_RUNPATH_SEARCH_PATHS = "$(inherited) @executable_path/Frameworks @loader_path/Frameworks";
				PRODUCT_NAME = "$(TARGET_NAME)";
				TEST_HOST = "$(BUILT_PRODUCTS_DIR)/ActiveQuestionTracker.app/ActiveQuestionTracker";
			};
			name = Debug;
		};
		326E23AF1BBC96BB00A9A6D1 /* Release */ = {
			isa = XCBuildConfiguration;
			buildSettings = {
				BUNDLE_LOADER = "$(TEST_HOST)";
				FRAMEWORK_SEARCH_PATHS = (
					"$(SDKROOT)/Developer/Library/Frameworks",
					"$(inherited)",
				);
				INFOPLIST_FILE = ActiveQuestionTrackerTests/Info.plist;
				LD_RUNPATH_SEARCH_PATHS = "$(inherited) @executable_path/Frameworks @loader_path/Frameworks";
				PRODUCT_NAME = "$(TARGET_NAME)";
				TEST_HOST = "$(BUILT_PRODUCTS_DIR)/ActiveQuestionTracker.app/ActiveQuestionTracker";
			};
			name = Release;
		};
		326E23B41BBCADBA00A9A6D1 /* Debug */ = {
			isa = XCBuildConfiguration;
			buildSettings = {
				PRODUCT_NAME = "$(TARGET_NAME)";
			};
			name = Debug;
		};
		326E23B51BBCADBA00A9A6D1 /* Release */ = {
			isa = XCBuildConfiguration;
			buildSettings = {
				PRODUCT_NAME = "$(TARGET_NAME)";
			};
			name = Release;
		};
/* End XCBuildConfiguration section */

/* Begin XCConfigurationList section */
		326E23831BBC96BB00A9A6D1 /* Build configuration list for PBXProject "ActiveQuestionTracker" */ = {
			isa = XCConfigurationList;
			buildConfigurations = (
				326E23A81BBC96BB00A9A6D1 /* Debug */,
				326E23A91BBC96BB00A9A6D1 /* Release */,
			);
			defaultConfigurationIsVisible = 0;
			defaultConfigurationName = Release;
		};
		326E23AA1BBC96BB00A9A6D1 /* Build configuration list for PBXNativeTarget "ActiveQuestionTracker" */ = {
			isa = XCConfigurationList;
			buildConfigurations = (
				326E23AB1BBC96BB00A9A6D1 /* Debug */,
				326E23AC1BBC96BB00A9A6D1 /* Release */,
			);
			defaultConfigurationIsVisible = 0;
			defaultConfigurationName = Release;
		};
		326E23AD1BBC96BB00A9A6D1 /* Build configuration list for PBXNativeTarget "ActiveQuestionTrackerTests" */ = {
			isa = XCConfigurationList;
			buildConfigurations = (
				326E23AE1BBC96BB00A9A6D1 /* Debug */,
				326E23AF1BBC96BB00A9A6D1 /* Release */,
			);
			defaultConfigurationIsVisible = 0;
			defaultConfigurationName = Release;
		};
		326E23B31BBCADBA00A9A6D1 /* Build configuration list for PBXAggregateTarget "Mogenerator" */ = {
			isa = XCConfigurationList;
			buildConfigurations = (
				326E23B41BBCADBA00A9A6D1 /* Debug */,
				326E23B51BBCADBA00A9A6D1 /* Release */,
			);
			defaultConfigurationIsVisible = 0;
			defaultConfigurationName = Release;
		};
/* End XCConfigurationList section */

/* Begin XCVersionGroup section */
		326E238F1BBC96BB00A9A6D1 /* ActiveQuestionTracker.xcdatamodeld */ = {
			isa = XCVersionGroup;
			children = (
				326E23901BBC96BB00A9A6D1 /* ActiveQuestionTracker.xcdatamodel */,
			);
			currentVersion = 326E23901BBC96BB00A9A6D1 /* ActiveQuestionTracker.xcdatamodel */;
			path = ActiveQuestionTracker.xcdatamodeld;
			sourceTree = "<group>";
			versionGroupType = wrapper.xcdatamodel;
		};
/* End XCVersionGroup section */
	};
	rootObject = 326E23801BBC96BB00A9A6D1 /* Project object */;
}
